<?xml version="1.0" encoding="utf-8"?>
<Project ToolsVersion="4.0" xmlns="http://schemas.microsoft.com/developer/msbuild/2003">
  <ItemGroup>
    <ClCompile Include="Project\Camera\PerspectiveCamera.cpp" />
    <ClCompile Include="Project\Managers\Input.cpp" />
    <ClCompile Include="Project\Forces\DragForceGenerator.cpp" />
    <ClCompile Include="Project\Forces\GravityForceGenerator.cpp" />
    <ClCompile Include="Project\Forces\ForceRegistry.cpp" />
    <ClCompile Include="Project\Forces\ForceGenerator.cpp" />
    <ClCompile Include="glad.c" />
    <ClCompile Include="main.cpp" />
    <ClCompile Include="Project\Camera\Camera.cpp" />
    <ClCompile Include="Project\Camera\OrthographicCamera.cpp" />
    <ClCompile Include="Project\Components\ObjData.cpp" />
    <ClCompile Include="Project\Components\Shader.cpp" />
    <ClCompile Include="Project\Components\ShaderNames.cpp" />
    <ClCompile Include="Project\Components\Transform.cpp" />
    <ClCompile Include="Project\Managers\CameraManager.cpp" />
    <ClCompile Include="Project\Managers\ShaderManager.cpp" />
    <ClCompile Include="Project\RenderParticle.cpp" />
    <ClCompile Include="Project\World.cpp" />
    <ClCompile Include="Project\Model.cpp" />
    <ClCompile Include="Project\Particle.cpp" />
    <ClCompile Include="Project\Vector3.cpp" />
    <ClCompile Include="Project\Workspace.cpp" />
    <ClCompile Include="Project\Utilities\Singleton.cpp" />
    <ClCompile Include="Project\ParticleContact.cpp" />
    <ClCompile Include="Project\Springs\ParticleSpring.cpp" />
    <ClCompile Include="Project\Springs\AnchoredSpring.cpp" />
    <ClCompile Include="Project\Link\ParticleLink.cpp" />
    <ClCompile Include="Project\Link\Rod.cpp" />
    <ClCompile Include="Project\ContactResolver.cpp" />
    <ClCompile Include="Project\Utilities\RenderLine.cpp" />
    <ClCompile Include="Project\Link\Cable.cpp" />
  </ItemGroup>
  <ItemGroup>
    <ClInclude Include="config.hpp" />
    <ClInclude Include="Project\Camera\PerspectiveCamera.hpp" />
    <ClInclude Include="Project\Managers\Input.hpp" />
    <ClInclude Include="Project\Forces\DragForceGenerator.hpp" />
    <ClInclude Include="Project\Forces\GravityForceGenerator.hpp" />
    <ClInclude Include="Project\Forces\ForceRegistry.hpp" />
    <ClInclude Include="Project\Forces\ForceGenerator.hpp" />
    <ClInclude Include="Project\Camera\Camera.hpp" />
    <ClInclude Include="Project\Camera\OrthographicCamera.hpp" />
    <ClInclude Include="Project\Components\ObjData.hpp" />
    <ClInclude Include="Project\Components\Shader.hpp" />
    <ClInclude Include="Project\Components\ShaderNames.hpp" />
    <ClInclude Include="Project\Components\Transform.hpp" />
    <ClInclude Include="Project\Managers\CameraManager.hpp" />
    <ClInclude Include="Project\Managers\ShaderManager.hpp" />
    <ClInclude Include="Project\Model.h" />
    <ClInclude Include="Project\Particle.hpp" />
    <ClInclude Include="Project\RenderParticle.hpp" />
    <ClInclude Include="Project\Vector3.hpp" />
    <ClInclude Include="Project\World.hpp" />
    <ClInclude Include="stb_image.h" />
    <ClInclude Include="tiny_obj_loader.h" />
    <ClInclude Include="Project\Workspace.hpp" />
    <ClInclude Include="Project\Utilities\Singleton.hpp" />
    <ClInclude Include="Project\ParticleContact.hpp" />
    <ClInclude Include="Project\Springs\ParticleSpring.hpp" />
    <ClInclude Include="Project\Springs\AnchoredSpring.hpp" />
    <ClInclude Include="Project\Link\ParticleLink.hpp" />
    <ClInclude Include="Project\Link\Rod.hpp" />
    <ClInclude Include="Project\ContactResolver.hpp" />
    <ClInclude Include="Project\Utilities\RenderLine.hpp" />
    <ClInclude Include="Project\Link\Cable.hpp" />
  </ItemGroup>
  <ItemGroup>
    <None Include=".gitignore" />
    <None Include="Project\Model\Shaders\Temp.frag" />
    <None Include="Project\Model\Shaders\Temp.vert" />
  </ItemGroup>
</Project>